
Microsoft Visual Studio Solution File, Format Version 12.00
# Visual Studio Version 17
VisualStudioVersion = 17.9.34622.214
MinimumVisualStudioVersion = 10.0.40219.1
Project("{FAE04EC0-301F-11D3-BF4B-00C04F79EFBC}") = "EmployeeApplication", "EmployeeApplication.csproj", "{496EAEBA-E958-476E-9AB4-305BE2AF6219}"
EndProject
Global
	GlobalSection(SolutionConfigurationPlatforms) = preSolution
		Debug|Any CPU = Debug|Any CPU
		Release|Any CPU = Release|Any CPU
	EndGlobalSection
	GlobalSection(ProjectConfigurationPlatforms) = postSolution
		{496EAEBA-E958-476E-9AB4-305BE2AF6219}.Debug|Any CPU.ActiveCfg = Debug|Any CPU
		{496EAEBA-E958-476E-9AB4-305BE2AF6219}.Debug|Any CPU.Build.0 = Debug|Any CPU
		{496EAEBA-E958-476E-9AB4-305BE2AF6219}.Release|Any CPU.ActiveCfg = Release|Any CPU
		{496EAEBA-E958-476E-9AB4-305BE2AF6219}.Release|Any CPU.Build.0 = Release|Any CPU
	EndGlobalSection
	GlobalSection(SolutionProperties) = preSolution
		HideSolutionNode = FALSE
	EndGlobalSection
	GlobalSection(ExtensibilityGlobals) = postSolution
		SolutionGuid = {ADBA40B1-C37C-46B2-890D-39158EF45E87}
	EndGlobalSection
EndGlobal
